// !$*UTF8*$!
{
	archiveVersion = 1;
	classes = {
	};
	objectVersion = 50;
	objects = {

/* Begin PBXBuildFile section */
		0814EDFD2130242C008D8DD2 /* AppDelegate.m in Sources */ = {isa = PBXBuildFile; fileRef = 0814EDFC2130242C008D8DD2 /* AppDelegate.m */; };
		0814EE032130242C008D8DD2 /* Main.storyboard in Resources */ = {isa = PBXBuildFile; fileRef = 0814EE012130242C008D8DD2 /* Main.storyboard */; };
		0814EE052130242D008D8DD2 /* Assets.xcassets in Resources */ = {isa = PBXBuildFile; fileRef = 0814EE042130242D008D8DD2 /* Assets.xcassets */; };
		0814EE082130242D008D8DD2 /* LaunchScreen.storyboard in Resources */ = {isa = PBXBuildFile; fileRef = 0814EE062130242D008D8DD2 /* LaunchScreen.storyboard */; };
		0814EE0B2130242D008D8DD2 /* main.m in Sources */ = {isa = PBXBuildFile; fileRef = 0814EE0A2130242D008D8DD2 /* main.m */; };
		0814EE152130242D008D8DD2 /* FundTestTests.m in Sources */ = {isa = PBXBuildFile; fileRef = 0814EE142130242D008D8DD2 /* FundTestTests.m */; };
		0814EE202130242D008D8DD2 /* FundTestUITests.m in Sources */ = {isa = PBXBuildFile; fileRef = 0814EE1F2130242D008D8DD2 /* FundTestUITests.m */; };
		0814EE30213024E3008D8DD2 /* DataBaseTool.m in Sources */ = {isa = PBXBuildFile; fileRef = 0814EE2F213024E3008D8DD2 /* DataBaseTool.m */; };
		0814EE362130254E008D8DD2 /* User.m in Sources */ = {isa = PBXBuildFile; fileRef = 0814EE352130254E008D8DD2 /* User.m */; };
		0814EE3921302685008D8DD2 /* Organization.m in Sources */ = {isa = PBXBuildFile; fileRef = 0814EE3821302685008D8DD2 /* Organization.m */; };
		0814EE3D2130E90D008D8DD2 /* MeController.m in Sources */ = {isa = PBXBuildFile; fileRef = 0814EE3C2130E90D008D8DD2 /* MeController.m */; };
		0814EE402131297C008D8DD2 /* TeamController.m in Sources */ = {isa = PBXBuildFile; fileRef = 0814EE3F2131297C008D8DD2 /* TeamController.m */; };
		0814EE4321312988008D8DD2 /* ChatController.m in Sources */ = {isa = PBXBuildFile; fileRef = 0814EE4221312988008D8DD2 /* ChatController.m */; };
		0814EE4921312E0B008D8DD2 /* CameraController.m in Sources */ = {isa = PBXBuildFile; fileRef = 0814EE4821312E0B008D8DD2 /* CameraController.m */; };
		54552CDC62E99382E668FAC0 /* libPods-FundTest.a in Frameworks */ = {isa = PBXBuildFile; fileRef = 314988C8CBED22A60EDD5515 /* libPods-FundTest.a */; };
/* End PBXBuildFile section */

/* Begin PBXContainerItemProxy section */
		0814EE112130242D008D8DD2 /* PBXContainerItemProxy */ = {
			isa = PBXContainerItemProxy;
			containerPortal = 0814EDF02130242C008D8DD2 /* Project object */;
			proxyType = 1;
			remoteGlobalIDString = 0814EDF72130242C008D8DD2;
			remoteInfo = FundTest;
		};
		0814EE1C2130242D008D8DD2 /* PBXContainerItemProxy */ = {
			isa = PBXContainerItemProxy;
			containerPortal = 0814EDF02130242C008D8DD2 /* Project object */;
			proxyType = 1;
			remoteGlobalIDString = 0814EDF72130242C008D8DD2;
			remoteInfo = FundTest;
		};
/* End PBXContainerItemProxy section */

/* Begin PBXFileReference section */
		0814EDF82130242C008D8DD2 /* FundTest.app */ = {isa = PBXFileReference; explicitFileType = wrapper.application; includeInIndex = 0; path = FundTest.app; sourceTree = BUILT_PRODUCTS_DIR; };
		0814EDFB2130242C008D8DD2 /* AppDelegate.h */ = {isa = PBXFileReference; lastKnownFileType = sourcecode.c.h; path = AppDelegate.h; sourceTree = "<group>"; };
		0814EDFC2130242C008D8DD2 /* AppDelegate.m */ = {isa = PBXFileReference; lastKnownFileType = sourcecode.c.objc; path = AppDelegate.m; sourceTree = "<group>"; };
		0814EE022130242C008D8DD2 /* Base */ = {isa = PBXFileReference; lastKnownFileType = file.storyboard; name = Base; path = Base.lproj/Main.storyboard; sourceTree = "<group>"; };
		0814EE042130242D008D8DD2 /* Assets.xcassets */ = {isa = PBXFileReference; lastKnownFileType = folder.assetcatalog; path = Assets.xcassets; sourceTree = "<group>"; };
		0814EE072130242D008D8DD2 /* Base */ = {isa = PBXFileReference; lastKnownFileType = file.storyboard; name = Base; path = Base.lproj/LaunchScreen.storyboard; sourceTree = "<group>"; };
		0814EE092130242D008D8DD2 /* Info.plist */ = {isa = PBXFileReference; lastKnownFileType = text.plist.xml; path = Info.plist; sourceTree = "<group>"; };
		0814EE0A2130242D008D8DD2 /* main.m */ = {isa = PBXFileReference; lastKnownFileType = sourcecode.c.objc; path = main.m; sourceTree = "<group>"; };
		0814EE102130242D008D8DD2 /* FundTestTests.xctest */ = {isa = PBXFileReference; explicitFileType = wrapper.cfbundle; includeInIndex = 0; path = FundTestTests.xctest; sourceTree = BUILT_PRODUCTS_DIR; };
		0814EE142130242D008D8DD2 /* FundTestTests.m */ = {isa = PBXFileReference; lastKnownFileType = sourcecode.c.objc; path = FundTestTests.m; sourceTree = "<group>"; };
		0814EE162130242D008D8DD2 /* Info.plist */ = {isa = PBXFileReference; lastKnownFileType = text.plist.xml; path = Info.plist; sourceTree = "<group>"; };
		0814EE1B2130242D008D8DD2 /* FundTestUITests.xctest */ = {isa = PBXFileReference; explicitFileType = wrapper.cfbundle; includeInIndex = 0; path = FundTestUITests.xctest; sourceTree = BUILT_PRODUCTS_DIR; };
		0814EE1F2130242D008D8DD2 /* FundTestUITests.m */ = {isa = PBXFileReference; lastKnownFileType = sourcecode.c.objc; path = FundTestUITests.m; sourceTree = "<group>"; };
		0814EE212130242D008D8DD2 /* Info.plist */ = {isa = PBXFileReference; lastKnownFileType = text.plist.xml; path = Info.plist; sourceTree = "<group>"; };
		0814EE2E213024E3008D8DD2 /* DataBaseTool.h */ = {isa = PBXFileReference; lastKnownFileType = sourcecode.c.h; path = DataBaseTool.h; sourceTree = "<group>"; };
		0814EE2F213024E3008D8DD2 /* DataBaseTool.m */ = {isa = PBXFileReference; lastKnownFileType = sourcecode.c.objc; path = DataBaseTool.m; sourceTree = "<group>"; };
		0814EE342130254E008D8DD2 /* User.h */ = {isa = PBXFileReference; lastKnownFileType = sourcecode.c.h; path = User.h; sourceTree = "<group>"; };
		0814EE352130254E008D8DD2 /* User.m */ = {isa = PBXFileReference; lastKnownFileType = sourcecode.c.objc; path = User.m; sourceTree = "<group>"; };
		0814EE3721302685008D8DD2 /* Organization.h */ = {isa = PBXFileReference; lastKnownFileType = sourcecode.c.h; path = Organization.h; sourceTree = "<group>"; };
		0814EE3821302685008D8DD2 /* Organization.m */ = {isa = PBXFileReference; lastKnownFileType = sourcecode.c.objc; path = Organization.m; sourceTree = "<group>"; };
		0814EE3B2130E90D008D8DD2 /* MeController.h */ = {isa = PBXFileReference; lastKnownFileType = sourcecode.c.h; path = MeController.h; sourceTree = "<group>"; };
		0814EE3C2130E90D008D8DD2 /* MeController.m */ = {isa = PBXFileReference; lastKnownFileType = sourcecode.c.objc; path = MeController.m; sourceTree = "<group>"; };
		0814EE3E2131297C008D8DD2 /* TeamController.h */ = {isa = PBXFileReference; lastKnownFileType = sourcecode.c.h; path = TeamController.h; sourceTree = "<group>"; };
		0814EE3F2131297C008D8DD2 /* TeamController.m */ = {isa = PBXFileReference; lastKnownFileType = sourcecode.c.objc; path = TeamController.m; sourceTree = "<group>"; };
		0814EE4121312988008D8DD2 /* ChatController.h */ = {isa = PBXFileReference; lastKnownFileType = sourcecode.c.h; path = ChatController.h; sourceTree = "<group>"; };
		0814EE4221312988008D8DD2 /* ChatController.m */ = {isa = PBXFileReference; lastKnownFileType = sourcecode.c.objc; path = ChatController.m; sourceTree = "<group>"; };
		0814EE4721312E0B008D8DD2 /* CameraController.h */ = {isa = PBXFileReference; lastKnownFileType = sourcecode.c.h; path = CameraController.h; sourceTree = "<group>"; };
		0814EE4821312E0B008D8DD2 /* CameraController.m */ = {isa = PBXFileReference; lastKnownFileType = sourcecode.c.objc; path = CameraController.m; sourceTree = "<group>"; };
		314988C8CBED22A60EDD5515 /* libPods-FundTest.a */ = {isa = PBXFileReference; explicitFileType = archive.ar; includeInIndex = 0; path = "libPods-FundTest.a"; sourceTree = BUILT_PRODUCTS_DIR; };
		76B242CDC5EEE9AD5E1BB605 /* Pods-FundTest.release.xcconfig */ = {isa = PBXFileReference; includeInIndex = 1; lastKnownFileType = text.xcconfig; name = "Pods-FundTest.release.xcconfig"; path = "Pods/Target Support Files/Pods-FundTest/Pods-FundTest.release.xcconfig"; sourceTree = "<group>"; };
		B3C7EF5FCEE9A856A8B8A6E3 /* Pods-FundTest.debug.xcconfig */ = {isa = PBXFileReference; includeInIndex = 1; lastKnownFileType = text.xcconfig; name = "Pods-FundTest.debug.xcconfig"; path = "Pods/Target Support Files/Pods-FundTest/Pods-FundTest.debug.xcconfig"; sourceTree = "<group>"; };
/* End PBXFileReference section */

/* Begin PBXFrameworksBuildPhase section */
		0814EDF52130242C008D8DD2 /* Frameworks */ = {
			isa = PBXFrameworksBuildPhase;
			buildActionMask = 2147483647;
			files = (
				54552CDC62E99382E668FAC0 /* libPods-FundTest.a in Frameworks */,
			);
			runOnlyForDeploymentPostprocessing = 0;
		};
		0814EE0D2130242D008D8DD2 /* Frameworks */ = {
			isa = PBXFrameworksBuildPhase;
			buildActionMask = 2147483647;
			files = (
			);
			runOnlyForDeploymentPostprocessing = 0;
		};
		0814EE182130242D008D8DD2 /* Frameworks */ = {
			isa = PBXFrameworksBuildPhase;
			buildActionMask = 2147483647;
			files = (
			);
			runOnlyForDeploymentPostprocessing = 0;
		};
/* End PBXFrameworksBuildPhase section */

/* Begin PBXGroup section */
		0814EDEF2130242C008D8DD2 = {
			isa = PBXGroup;
			children = (
				0814EDFA2130242C008D8DD2 /* FundTest */,
				0814EE132130242D008D8DD2 /* FundTestTests */,
				0814EE1E2130242D008D8DD2 /* FundTestUITests */,
				0814EDF92130242C008D8DD2 /* Products */,
				40C9562C3FC96A5F0AB22213 /* Pods */,
				96EB5333B77ED21BFCDB18E9 /* Frameworks */,
			);
			sourceTree = "<group>";
		};
		0814EDF92130242C008D8DD2 /* Products */ = {
			isa = PBXGroup;
			children = (
				0814EDF82130242C008D8DD2 /* FundTest.app */,
				0814EE102130242D008D8DD2 /* FundTestTests.xctest */,
				0814EE1B2130242D008D8DD2 /* FundTestUITests.xctest */,
			);
			name = Products;
			sourceTree = "<group>";
		};
		0814EDFA2130242C008D8DD2 /* FundTest */ = {
			isa = PBXGroup;
			children = (
				0814EE3B2130E90D008D8DD2 /* MeController.h */,
				0814EE3C2130E90D008D8DD2 /* MeController.m */,
				0814EE3E2131297C008D8DD2 /* TeamController.h */,
				0814EE3F2131297C008D8DD2 /* TeamController.m */,
				0814EE4121312988008D8DD2 /* ChatController.h */,
				0814EE4221312988008D8DD2 /* ChatController.m */,
				0814EE4721312E0B008D8DD2 /* CameraController.h */,
				0814EE4821312E0B008D8DD2 /* CameraController.m */,
				0814EE2D213024CE008D8DD2 /* Tools */,
				0814EDFB2130242C008D8DD2 /* AppDelegate.h */,
				0814EDFC2130242C008D8DD2 /* AppDelegate.m */,
				0814EE3A2130E6B5008D8DD2 /* Model */,
				0814EE012130242C008D8DD2 /* Main.storyboard */,
				0814EE042130242D008D8DD2 /* Assets.xcassets */,
				0814EE062130242D008D8DD2 /* LaunchScreen.storyboard */,
				0814EE092130242D008D8DD2 /* Info.plist */,
				0814EE0A2130242D008D8DD2 /* main.m */,
			);
			path = FundTest;
			sourceTree = "<group>";
		};
		0814EE132130242D008D8DD2 /* FundTestTests */ = {
			isa = PBXGroup;
			children = (
				0814EE142130242D008D8DD2 /* FundTestTests.m */,
				0814EE162130242D008D8DD2 /* Info.plist */,
			);
			path = FundTestTests;
			sourceTree = "<group>";
		};
		0814EE1E2130242D008D8DD2 /* FundTestUITests */ = {
			isa = PBXGroup;
			children = (
				0814EE1F2130242D008D8DD2 /* FundTestUITests.m */,
				0814EE212130242D008D8DD2 /* Info.plist */,
			);
			path = FundTestUITests;
			sourceTree = "<group>";
		};
		0814EE2D213024CE008D8DD2 /* Tools */ = {
			isa = PBXGroup;
			children = (
				0814EE2E213024E3008D8DD2 /* DataBaseTool.h */,
				0814EE2F213024E3008D8DD2 /* DataBaseTool.m */,
			);
			path = Tools;
			sourceTree = "<group>";
		};
		0814EE3A2130E6B5008D8DD2 /* Model */ = {
			isa = PBXGroup;
			children = (
				0814EE342130254E008D8DD2 /* User.h */,
				0814EE352130254E008D8DD2 /* User.m */,
				0814EE3721302685008D8DD2 /* Organization.h */,
				0814EE3821302685008D8DD2 /* Organization.m */,
			);
			path = Model;
			sourceTree = "<group>";
		};
		40C9562C3FC96A5F0AB22213 /* Pods */ = {
			isa = PBXGroup;
			children = (
				B3C7EF5FCEE9A856A8B8A6E3 /* Pods-FundTest.debug.xcconfig */,
				76B242CDC5EEE9AD5E1BB605 /* Pods-FundTest.release.xcconfig */,
			);
			name = Pods;
			sourceTree = "<group>";
		};
		96EB5333B77ED21BFCDB18E9 /* Frameworks */ = {
			isa = PBXGroup;
			children = (
				314988C8CBED22A60EDD5515 /* libPods-FundTest.a */,
			);
			name = Frameworks;
			sourceTree = "<group>";
		};
/* End PBXGroup section */

/* Begin PBXNativeTarget section */
		0814EDF72130242C008D8DD2 /* FundTest */ = {
			isa = PBXNativeTarget;
			buildConfigurationList = 0814EE242130242D008D8DD2 /* Build configuration list for PBXNativeTarget "FundTest" */;
			buildPhases = (
				32D2CE70D890D58A796B7763 /* [CP] Check Pods Manifest.lock */,
				0814EDF42130242C008D8DD2 /* Sources */,
				0814EDF52130242C008D8DD2 /* Frameworks */,
				0814EDF62130242C008D8DD2 /* Resources */,
			);
			buildRules = (
			);
			dependencies = (
			);
			name = FundTest;
			productName = FundTest;
			productReference = 0814EDF82130242C008D8DD2 /* FundTest.app */;
			productType = "com.apple.product-type.application";
		};
		0814EE0F2130242D008D8DD2 /* FundTestTests */ = {
			isa = PBXNativeTarget;
			buildConfigurationList = 0814EE272130242D008D8DD2 /* Build configuration list for PBXNativeTarget "FundTestTests" */;
			buildPhases = (
				0814EE0C2130242D008D8DD2 /* Sources */,
				0814EE0D2130242D008D8DD2 /* Frameworks */,
				0814EE0E2130242D008D8DD2 /* Resources */,
			);
			buildRules = (
			);
			dependencies = (
				0814EE122130242D008D8DD2 /* PBXTargetDependency */,
			);
			name = FundTestTests;
			productName = FundTestTests;
			productReference = 0814EE102130242D008D8DD2 /* FundTestTests.xctest */;
			productType = "com.apple.product-type.bundle.unit-test";
		};
		0814EE1A2130242D008D8DD2 /* FundTestUITests */ = {
			isa = PBXNativeTarget;
			buildConfigurationList = 0814EE2A2130242D008D8DD2 /* Build configuration list for PBXNativeTarget "FundTestUITests" */;
			buildPhases = (
				0814EE172130242D008D8DD2 /* Sources */,
				0814EE182130242D008D8DD2 /* Frameworks */,
				0814EE192130242D008D8DD2 /* Resources */,
			);
			buildRules = (
			);
			dependencies = (
				0814EE1D2130242D008D8DD2 /* PBXTargetDependency */,
			);
			name = FundTestUITests;
			productName = FundTestUITests;
			productReference = 0814EE1B2130242D008D8DD2 /* FundTestUITests.xctest */;
			productType = "com.apple.product-type.bundle.ui-testing";
		};
/* End PBXNativeTarget section */

/* Begin PBXProject section */
		0814EDF02130242C008D8DD2 /* Project object */ = {
			isa = PBXProject;
			attributes = {
				LastUpgradeCheck = 0940;
				ORGANIZATIONNAME = 1;
				TargetAttributes = {
					0814EDF72130242C008D8DD2 = {
						CreatedOnToolsVersion = 9.4.1;
					};
					0814EE0F2130242D008D8DD2 = {
						CreatedOnToolsVersion = 9.4.1;
						TestTargetID = 0814EDF72130242C008D8DD2;
					};
					0814EE1A2130242D008D8DD2 = {
						CreatedOnToolsVersion = 9.4.1;
						TestTargetID = 0814EDF72130242C008D8DD2;
					};
				};
			};
			buildConfigurationList = 0814EDF32130242C008D8DD2 /* Build configuration list for PBXProject "FundTest" */;
			compatibilityVersion = "Xcode 9.3";
			developmentRegion = en;
			hasScannedForEncodings = 0;
			knownRegions = (
				en,
				Base,
			);
			mainGroup = 0814EDEF2130242C008D8DD2;
			productRefGroup = 0814EDF92130242C008D8DD2 /* Products */;
			projectDirPath = "";
			projectRoot = "";
			targets = (
				0814EDF72130242C008D8DD2 /* FundTest */,
				0814EE0F2130242D008D8DD2 /* FundTestTests */,
				0814EE1A2130242D008D8DD2 /* FundTestUITests */,
			);
		};
/* End PBXProject section */

/* Begin PBXResourcesBuildPhase section */
		0814EDF62130242C008D8DD2 /* Resources */ = {
			isa = PBXResourcesBuildPhase;
			buildActionMask = 2147483647;
			files = (
				0814EE082130242D008D8DD2 /* LaunchScreen.storyboard in Resources */,
				0814EE052130242D008D8DD2 /* Assets.xcassets in Resources */,
				0814EE032130242C008D8DD2 /* Main.storyboard in Resources */,
			);
			runOnlyForDeploymentPostprocessing = 0;
		};
		0814EE0E2130242D008D8DD2 /* Resources */ = {
			isa = PBXResourcesBuildPhase;
			buildActionMask = 2147483647;
			files = (
			);
			runOnlyForDeploymentPostprocessing = 0;
		};
		0814EE192130242D008D8DD2 /* Resources */ = {
			isa = PBXResourcesBuildPhase;
			buildActionMask = 2147483647;
			files = (
			);
			runOnlyForDeploymentPostprocessing = 0;
		};
/* End PBXResourcesBuildPhase section */

/* Begin PBXShellScriptBuildPhase section */
		32D2CE70D890D58A796B7763 /* [CP] Check Pods Manifest.lock */ = {
			isa = PBXShellScriptBuildPhase;
			buildActionMask = 2147483647;
			files = (
			);
			inputPaths = (
				"${PODS_PODFILE_DIR_PATH}/Podfile.lock",
				"${PODS_ROOT}/Manifest.lock",
			);
			name = "[CP] Check Pods Manifest.lock";
			outputPaths = (
				"$(DERIVED_FILE_DIR)/Pods-FundTest-checkManifestLockResult.txt",
			);
			runOnlyForDeploymentPostprocessing = 0;
			shellPath = /bin/sh;
			shellScript = "diff \"${PODS_PODFILE_DIR_PATH}/Podfile.lock\" \"${PODS_ROOT}/Manifest.lock\" > /dev/null\nif [ $? != 0 ] ; then\n    # print error to STDERR\n    echo \"error: The sandbox is not in sync with the Podfile.lock. Run 'pod install' or update your CocoaPods installation.\" >&2\n    exit 1\nfi\n# This output is used by Xcode 'outputs' to avoid re-running this script phase.\necho \"SUCCESS\" > \"${SCRIPT_OUTPUT_FILE_0}\"\n";
			showEnvVarsInLog = 0;
		};
/* End PBXShellScriptBuildPhase section */

/* Begin PBXSourcesBuildPhase section */
		0814EDF42130242C008D8DD2 /* Sources */ = {
			isa = PBXSourcesBuildPhase;
			buildActionMask = 2147483647;
			files = (
				0814EE3921302685008D8DD2 /* Organization.m in Sources */,
				0814EE4921312E0B008D8DD2 /* CameraController.m in Sources */,
				0814EE402131297C008D8DD2 /* TeamController.m in Sources */,
				0814EE3D2130E90D008D8DD2 /* MeController.m in Sources */,
				0814EE362130254E008D8DD2 /* User.m in Sources */,
				0814EE30213024E3008D8DD2 /* DataBaseTool.m in Sources */,
				0814EE0B2130242D008D8DD2 /* main.m in Sources */,
				0814EDFD2130242C008D8DD2 /* AppDelegate.m in Sources */,
				0814EE4321312988008D8DD2 /* ChatController.m in Sources */,
			);
			runOnlyForDeploymentPostprocessing = 0;
		};
		0814EE0C2130242D008D8DD2 /* Sources */ = {
			isa = PBXSourcesBuildPhase;
			buildActionMask = 2147483647;
			files = (
				0814EE152130242D008D8DD2 /* FundTestTests.m in Sources */,
			);
			runOnlyForDeploymentPostprocessing = 0;
		};
		0814EE172130242D008D8DD2 /* Sources */ = {
			isa = PBXSourcesBuildPhase;
			buildActionMask = 2147483647;
			files = (
				0814EE202130242D008D8DD2 /* FundTestUITests.m in Sources */,
			);
			runOnlyForDeploymentPostprocessing = 0;
		};
/* End PBXSourcesBuildPhase section */

/* Begin PBXTargetDependency section */
		0814EE122130242D008D8DD2 /* PBXTargetDependency */ = {
			isa = PBXTargetDependency;
			target = 0814EDF72130242C008D8DD2 /* FundTest */;
			targetProxy = 0814EE112130242D008D8DD2 /* PBXContainerItemProxy */;
		};
		0814EE1D2130242D008D8DD2 /* PBXTargetDependency */ = {
			isa = PBXTargetDependency;
			target = 0814EDF72130242C008D8DD2 /* FundTest */;
			targetProxy = 0814EE1C2130242D008D8DD2 /* PBXContainerItemProxy */;
		};
/* End PBXTargetDependency section */

/* Begin PBXVariantGroup section */
		0814EE012130242C008D8DD2 /* Main.storyboard */ = {
			isa = PBXVariantGroup;
			children = (
				0814EE022130242C008D8DD2 /* Base */,
			);
			name = Main.storyboard;
			sourceTree = "<group>";
		};
		0814EE062130242D008D8DD2 /* LaunchScreen.storyboard */ = {
			isa = PBXVariantGroup;
			children = (
				0814EE072130242D008D8DD2 /* Base */,
			);
			name = LaunchScreen.storyboard;
			sourceTree = "<group>";
		};
/* End PBXVariantGroup section */

/* Begin XCBuildConfiguration section */
		0814EE222130242D008D8DD2 /* Debug */ = {
			isa = XCBuildConfiguration;
			buildSettings = {
				ALWAYS_SEARCH_USER_PATHS = NO;
				CLANG_ANALYZER_NONNULL = YES;
				CLANG_ANALYZER_NUMBER_OBJECT_CONVERSION = YES_AGGRESSIVE;
				CLANG_CXX_LANGUAGE_STANDARD = "gnu++14";
				CLANG_CXX_LIBRARY = "libc++";
				CLANG_ENABLE_MODULES = YES;
				CLANG_ENABLE_OBJC_ARC = YES;
				CLANG_ENABLE_OBJC_WEAK = YES;
				CLANG_WARN_BLOCK_CAPTURE_AUTORELEASING = YES;
				CLANG_WARN_BOOL_CONVERSION = YES;
				CLANG_WARN_COMMA = YES;
				CLANG_WARN_CONSTANT_CONVERSION = YES;
				CLANG_WARN_DEPRECATED_OBJC_IMPLEMENTATIONS = YES;
				CLANG_WARN_DIRECT_OBJC_ISA_USAGE = YES_ERROR;
				CLANG_WARN_DOCUMENTATION_COMMENTS = YES;
				CLANG_WARN_EMPTY_BODY = YES;
				CLANG_WARN_ENUM_CONVERSION = YES;
				CLANG_WARN_INFINITE_RECURSION = YES;
				CLANG_WARN_INT_CONVERSION = YES;
				CLANG_WARN_NON_LITERAL_NULL_CONVERSION = YES;
				CLANG_WARN_OBJC_IMPLICIT_RETAIN_SELF = YES;
				CLANG_WARN_OBJC_LITERAL_CONVERSION = YES;
				CLANG_WARN_OBJC_ROOT_CLASS = YES_ERROR;
				CLANG_WARN_RANGE_LOOP_ANALYSIS = YES;
				CLANG_WARN_STRICT_PROTOTYPES = YES;
				CLANG_WARN_SUSPICIOUS_MOVE = YES;
				CLANG_WARN_UNGUARDED_AVAILABILITY = YES_AGGRESSIVE;
				CLANG_WARN_UNREACHABLE_CODE = YES;
				CLANG_WARN__DUPLICATE_METHOD_MATCH = YES;
				CODE_SIGN_IDENTITY = "iPhone Developer";
				COPY_PHASE_STRIP = NO;
				DEBUG_INFORMATION_FORMAT = dwarf;
				ENABLE_STRICT_OBJC_MSGSEND = YES;
				ENABLE_TESTABILITY = YES;
				GCC_C_LANGUAGE_STANDARD = gnu11;
				GCC_DYNAMIC_NO_PIC = NO;
				GCC_NO_COMMON_BLOCKS = YES;
				GCC_OPTIMIZATION_LEVEL = 0;
				GCC_PREPROCESSOR_DEFINITIONS = (
					"DEBUG=1",
					"$(inherited)",
				);
				GCC_WARN_64_TO_32_BIT_CONVERSION = YES;
				GCC_WARN_ABOUT_RETURN_TYPE = YES_ERROR;
				GCC_WARN_UNDECLARED_SELECTOR = YES;
				GCC_WARN_UNINITIALIZED_AUTOS = YES_AGGRESSIVE;
				GCC_WARN_UNUSED_FUNCTION = YES;
				GCC_WARN_UNUSED_VARIABLE = YES;
				IPHONEOS_DEPLOYMENT_TARGET = 11.4;
				MTL_ENABLE_DEBUG_INFO = YES;
				ONLY_ACTIVE_ARCH = YES;
				SDKROOT = iphoneos;
			};
			name = Debug;
		};
		0814EE232130242D008D8DD2 /* Release */ = {
			isa = XCBuildConfiguration;
			buildSettings = {
				ALWAYS_SEARCH_USER_PATHS = NO;
				CLANG_ANALYZER_NONNULL = YES;
				CLANG_ANALYZER_NUMBER_OBJECT_CONVERSION = YES_AGGRESSIVE;
				CLANG_CXX_LANGUAGE_STANDARD = "gnu++14";
				CLANG_CXX_LIBRARY = "libc++";
				CLANG_ENABLE_MODULES = YES;
				CLANG_ENABLE_OBJC_ARC = YES;
				CLANG_ENABLE_OBJC_WEAK = YES;
				CLANG_WARN_BLOCK_CAPTURE_AUTORELEASING = YES;
				CLANG_WARN_BOOL_CONVERSION = YES;
				CLANG_WARN_COMMA = YES;
				CLANG_WARN_CONSTANT_CONVERSION = YES;
				CLANG_WARN_DEPRECATED_OBJC_IMPLEMENTATIONS = YES;
				CLANG_WARN_DIRECT_OBJC_ISA_USAGE = YES_ERROR;
				CLANG_WARN_DOCUMENTATION_COMMENTS = YES;
				CLANG_WARN_EMPTY_BODY = YES;
				CLANG_WARN_ENUM_CONVERSION = YES;
				CLANG_WARN_INFINITE_RECURSION = YES;
				CLANG_WARN_INT_CONVERSION = YES;
				CLANG_WARN_NON_LITERAL_NULL_CONVERSION = YES;
				CLANG_WARN_OBJC_IMPLICIT_RETAIN_SELF = YES;
				CLANG_WARN_OBJC_LITERAL_CONVERSION = YES;
				CLANG_WARN_OBJC_ROOT_CLASS = YES_ERROR;
				CLANG_WARN_RANGE_LOOP_ANALYSIS = YES;
				CLANG_WARN_STRICT_PROTOTYPES = YES;
				CLANG_WARN_SUSPICIOUS_MOVE = YES;
				CLANG_WARN_UNGUARDED_AVAILABILITY = YES_AGGRESSIVE;
				CLANG_WARN_UNREACHABLE_CODE = YES;
				CLANG_WARN__DUPLICATE_METHOD_MATCH = YES;
				CODE_SIGN_IDENTITY = "iPhone Developer";
				COPY_PHASE_STRIP = NO;
				DEBUG_INFORMATION_FORMAT = "dwarf-with-dsym";
				ENABLE_NS_ASSERTIONS = NO;
				ENABLE_STRICT_OBJC_MSGSEND = YES;
				GCC_C_LANGUAGE_STANDARD = gnu11;
				GCC_NO_COMMON_BLOCKS = YES;
				GCC_WARN_64_TO_32_BIT_CONVERSION = YES;
				GCC_WARN_ABOUT_RETURN_TYPE = YES_ERROR;
				GCC_WARN_UNDECLARED_SELECTOR = YES;
				GCC_WARN_UNINITIALIZED_AUTOS = YES_AGGRESSIVE;
				GCC_WARN_UNUSED_FUNCTION = YES;
				GCC_WARN_UNUSED_VARIABLE = YES;
				IPHONEOS_DEPLOYMENT_TARGET = 11.4;
				MTL_ENABLE_DEBUG_INFO = NO;
				SDKROOT = iphoneos;
				VALIDATE_PRODUCT = YES;
			};
			name = Release;
		};
		0814EE252130242D008D8DD2 /* Debug */ = {
			isa = XCBuildConfiguration;
			baseConfigurationReference = B3C7EF5FCEE9A856A8B8A6E3 /* Pods-FundTest.debug.xcconfig */;
			buildSettings = {
				ASSETCATALOG_COMPILER_APPICON_NAME = AppIcon;
				CODE_SIGN_STYLE = Automatic;
				DEVELOPMENT_TEAM = Q64PWL267Z;
				INFOPLIST_FILE = FundTest/Info.plist;
				IPHONEOS_DEPLOYMENT_TARGET = 11.3;
				LD_RUNPATH_SEARCH_PATHS = (
					"$(inherited)",
					"@executable_path/Frameworks",
				);
				PRODUCT_BUNDLE_IDENTIFIER = "-.FundTest";
				PRODUCT_NAME = "$(TARGET_NAME)";
				TARGETED_DEVICE_FAMILY = "1,2";
			};
			name = Debug;
		};
		0814EE262130242D008D8DD2 /* Release */ = {
			isa = XCBuildConfiguration;
			baseConfigurationReference = 76B242CDC5EEE9AD5E1BB605 /* Pods-FundTest.release.xcconfig */;
			buildSettings = {
				ASSETCATALOG_COMPILER_APPICON_NAME = AppIcon;
				CODE_SIGN_STYLE = Automatic;
				DEVELOPMENT_TEAM = Q64PWL267Z;
				INFOPLIST_FILE = FundTest/Info.plist;
				IPHONEOS_DEPLOYMENT_TARGET = 11.3;
				LD_RUNPATH_SEARCH_PATHS = (
					"$(inherited)",
					"@executable_path/Frameworks",
				);
				PRODUCT_BUNDLE_IDENTIFIER = "-.FundTest";
				PRODUCT_NAME = "$(TARGET_NAME)";
				TARGETED_DEVICE_FAMILY = "1,2";
			};
			name = Release;
		};
		0814EE282130242D008D8DD2 /* Debug */ = {
			isa = XCBuildConfiguration;
			buildSettings = {
				BUNDLE_LOADER = "$(TEST_HOST)";
				CODE_SIGN_STYLE = Automatic;
				DEVELOPMENT_TEAM = Q64PWL267Z;
				INFOPLIST_FILE = FundTestTests/Info.plist;
				LD_RUNPATH_SEARCH_PATHS = (
					"$(inherited)",
					"@executable_path/Frameworks",
					"@loader_path/Frameworks",
				);
				PRODUCT_BUNDLE_IDENTIFIER = "-.FundTestTests";
				PRODUCT_NAME = "$(TARGET_NAME)";
				TARGETED_DEVICE_FAMILY = "1,2";
				TEST_HOST = "$(BUILT_PRODUCTS_DIR)/FundTest.app/FundTest";
			};
			name = Debug;
		};
		0814EE292130242D008D8DD2 /* Release */ = {
			isa = XCBuildConfiguration;
			buildSettings = {
				BUNDLE_LOADER = "$(TEST_HOST)";
				CODE_SIGN_STYLE = Automatic;
				DEVELOPMENT_TEAM = Q64PWL267Z;
				INFOPLIST_FILE = FundTestTests/Info.plist;
				LD_RUNPATH_SEARCH_PATHS = (
					"$(inherited)",
					"@executable_path/Frameworks",
					"@loader_path/Frameworks",
				);
				PRODUCT_BUNDLE_IDENTIFIER = "-.FundTestTests";
				PRODUCT_NAME = "$(TARGET_NAME)";
				TARGETED_DEVICE_FAMILY = "1,2";
				TEST_HOST = "$(BUILT_PRODUCTS_DIR)/FundTest.app/FundTest";
			};
			name = Release;
		};
		0814EE2B2130242D008D8DD2 /* Debug */ = {
			isa = XCBuildConfiguration;
			buildSettings = {
				CODE_SIGN_STYLE = Automatic;
				DEVELOPMENT_TEAM = Q64PWL267Z;
				INFOPLIST_FILE = FundTestUITests/Info.plist;
				LD_RUNPATH_SEARCH_PATHS = (
					"$(inherited)",
					"@executable_path/Frameworks",
					"@loader_path/Frameworks",
				);
				PRODUCT_BUNDLE_IDENTIFIER = "-.FundTestUITests";
				PRODUCT_NAME = "$(TARGET_NAME)";
				TARGETED_DEVICE_FAMILY = "1,2";
				TEST_TARGET_NAME = FundTest;
			};
			name = Debug;
		};
		0814EE2C2130242D008D8DD2 /* Release */ = {
			isa = XCBuildConfiguration;
			buildSettings = {
				CODE_SIGN_STYLE = Automatic;
				DEVELOPMENT_TEAM = Q64PWL267Z;
				INFOPLIST_FILE = FundTestUITests/Info.plist;
				LD_RUNPATH_SEARCH_PATHS = (
					"$(inherited)",
					"@executable_path/Frameworks",
					"@loader_path/Frameworks",
				);
				PRODUCT_BUNDLE_IDENTIFIER = "-.FundTestUITests";
				PRODUCT_NAME = "$(TARGET_NAME)";
				TARGETED_DEVICE_FAMILY = "1,2";
				TEST_TARGET_NAME = FundTest;
			};
			name = Release;
		};
/* End XCBuildConfiguration section */

/* Begin XCConfigurationList section */
		0814EDF32130242C008D8DD2 /* Build configuration list for PBXProject "FundTest" */ = {
			isa = XCConfigurationList;
			buildConfigurations = (
				0814EE222130242D008D8DD2 /* Debug */,
				0814EE232130242D008D8DD2 /* Release */,
			);
			defaultConfigurationIsVisible = 0;
			defaultConfigurationName = Release;
		};
		0814EE242130242D008D8DD2 /* Build configuration list for PBXNativeTarget "FundTest" */ = {
			isa = XCConfigurationList;
			buildConfigurations = (
				0814EE252130242D008D8DD2 /* Debug */,
				0814EE262130242D008D8DD2 /* Release */,
			);
			defaultConfigurationIsVisible = 0;
			defaultConfigurationName = Release;
		};
		0814EE272130242D008D8DD2 /* Build configuration list for PBXNativeTarget "FundTestTests" */ = {
			isa = XCConfigurationList;
			buildConfigurations = (
				0814EE282130242D008D8DD2 /* Debug */,
				0814EE292130242D008D8DD2 /* Release */,
			);
			defaultConfigurationIsVisible = 0;
			defaultConfigurationName = Release;
		};
		0814EE2A2130242D008D8DD2 /* Build configuration list for PBXNativeTarget "FundTestUITests" */ = {
			isa = XCConfigurationList;
			buildConfigurations = (
				0814EE2B2130242D008D8DD2 /* Debug */,
				0814EE2C2130242D008D8DD2 /* Release */,
			);
			defaultConfigurationIsVisible = 0;
			defaultConfigurationName = Release;
		};
/* End XCConfigurationList section */
	};
	rootObject = 0814EDF02130242C008D8DD2 /* Project object */;
}
